// !$*UTF8*$!
{
	archiveVersion = 1;
	classes = {
	};
	objectVersion = 77;
	objects = {

/* Begin PBXBuildFile section */
		00B7ACCD381C2F47FFBF4C43 /* TranslationService.swift in Sources */ = {isa = PBXBuildFile; fileRef = 5080A4F87D4B477515598418 /* TranslationService.swift */; };
		01E141046E0126307099E4E9 /* GoogleFreeProvider.swift in Sources */ = {isa = PBXBuildFile; fileRef = 0A476381F0FA5D4306A53BB1 /* GoogleFreeProvider.swift */; };
		03BA0EE633358BC6CE7B8DD1 /* Assets.xcassets in Resources */ = {isa = PBXBuildFile; fileRef = F29201673B9B9BF9A515D5AA /* Assets.xcassets */; };
		0D4253352B13294F0B1809A3 /* PipelineCoordinator.swift in Sources */ = {isa = PBXBuildFile; fileRef = 647DD32CE9A76B2BCCCD997A /* PipelineCoordinator.swift */; };
		16D82FFEAC6CBE86006C77A1 /* DetectedText.swift in Sources */ = {isa = PBXBuildFile; fileRef = D8109F19BCE9BCA409769F79 /* DetectedText.swift */; };
		17A9018594F01EB87E49DA42 /* TranslationCache.swift in Sources */ = {isa = PBXBuildFile; fileRef = B2E67D61E4207B25101F53DE /* TranslationCache.swift */; };
		221ACCE110939A386E16B077 /* DeepLProvider.swift in Sources */ = {isa = PBXBuildFile; fileRef = 4566DD3B2A3D54743F131823 /* DeepLProvider.swift */; };
		3CB6B37CBDF82EBB52BE5735 /* OverlayContentView.swift in Sources */ = {isa = PBXBuildFile; fileRef = 71D20A76746F66D65415FB4E /* OverlayContentView.swift */; };
		49122D871C447B0E7145E137 /* AppDelegate.swift in Sources */ = {isa = PBXBuildFile; fileRef = 7943CEEDD12C134F5A2D3656 /* AppDelegate.swift */; };
		5CA2F6666D64DF01C8235B4A /* WindowPickerView.swift in Sources */ = {isa = PBXBuildFile; fileRef = EDBDF40DCFC23127137A2F21 /* WindowPickerView.swift */; };
		73D02D1EBE63D0873B427FB5 /* AppSettings.swift in Sources */ = {isa = PBXBuildFile; fileRef = 967A061E0A8C9013566D2B29 /* AppSettings.swift */; };
		764150EC71FBEFED8B96AF9C /* TextTracker.swift in Sources */ = {isa = PBXBuildFile; fileRef = C78F46D7EBFCDD0FFD3A6258 /* TextTracker.swift */; };
		78B28856BC2A3A34BFF19A93 /* GameLog.swift in Sources */ = {isa = PBXBuildFile; fileRef = 2938C289A37BA52850CEB457 /* GameLog.swift */; };
		8192918CBE3BA8DF475B5C20 /* TranslationProvider.swift in Sources */ = {isa = PBXBuildFile; fileRef = 6B04165C622CF0A9B3D11C0A /* TranslationProvider.swift */; };
		83DD405BD71D47FBB809B330 /* OpenAIProvider.swift in Sources */ = {isa = PBXBuildFile; fileRef = 210DB29FFE88EBF9117F1B9C /* OpenAIProvider.swift */; };
		8A5748E0965C53D459CBCAD0 /* OCRService.swift in Sources */ = {isa = PBXBuildFile; fileRef = D6E72C86E2F97FC7B73E967F /* OCRService.swift */; };
		954C7DBFFE8BCB0F60AC03F9 /* GoogleCloudProvider.swift in Sources */ = {isa = PBXBuildFile; fileRef = 9629458BEAA03BE2D03BA8A9 /* GoogleCloudProvider.swift */; };
		9923156DC9FBCD3155B39475 /* StatusBarController.swift in Sources */ = {isa = PBXBuildFile; fileRef = 741910E224F9B3E24134E266 /* StatusBarController.swift */; };
		C355E29BE18AB57947BA19F5 /* TranslatedRegion.swift in Sources */ = {isa = PBXBuildFile; fileRef = 67790D3D6A4A331FB4BEB900 /* TranslatedRegion.swift */; };
		CA0918C16E22FBF7C1A62E72 /* ClaudeProvider.swift in Sources */ = {isa = PBXBuildFile; fileRef = 8F8C5D5E60CC9A16BBD56C4E /* ClaudeProvider.swift */; };
		D968AAF926F8C75D3D047D34 /* CaptureRegion.swift in Sources */ = {isa = PBXBuildFile; fileRef = 457AF51A8B163F45CD064872 /* CaptureRegion.swift */; };
		D9B6ED6090950BB7D06C7EC4 /* OverlayWindowController.swift in Sources */ = {isa = PBXBuildFile; fileRef = 6B77BEF9458B4FD3A3533D31 /* OverlayWindowController.swift */; };
		E0C9261F8E44A5C0BC887613 /* RegionSelectorWindow.swift in Sources */ = {isa = PBXBuildFile; fileRef = 1A8660B94A62AE886FCFB4A2 /* RegionSelectorWindow.swift */; };
		E2F3C2EF757678D398479DBA /* SettingsWindow.swift in Sources */ = {isa = PBXBuildFile; fileRef = D00A9E636983FA77449473E4 /* SettingsWindow.swift */; };
		F3A3FF415FE571A40FCC9FB5 /* main.swift in Sources */ = {isa = PBXBuildFile; fileRef = B606A387586BA962FE3C140A /* main.swift */; };
		FB27EDF11E91CEA589BB0BE9 /* ScreenCaptureService.swift in Sources */ = {isa = PBXBuildFile; fileRef = 7B130C1947865746D9B2CD8E /* ScreenCaptureService.swift */; };
		FEBAEB8198CAAC4220CF2D2F /* TranslationPanelController.swift in Sources */ = {isa = PBXBuildFile; fileRef = 43B4EACCDF9F5EAFBF410EC8 /* TranslationPanelController.swift */; };
/* End PBXBuildFile section */

/* Begin PBXFileReference section */
		0A476381F0FA5D4306A53BB1 /* GoogleFreeProvider.swift */ = {isa = PBXFileReference; lastKnownFileType = sourcecode.swift; path = GoogleFreeProvider.swift; sourceTree = "<group>"; };
		1A8660B94A62AE886FCFB4A2 /* RegionSelectorWindow.swift */ = {isa = PBXFileReference; lastKnownFileType = sourcecode.swift; path = RegionSelectorWindow.swift; sourceTree = "<group>"; };
		210DB29FFE88EBF9117F1B9C /* OpenAIProvider.swift */ = {isa = PBXFileReference; lastKnownFileType = sourcecode.swift; path = OpenAIProvider.swift; sourceTree = "<group>"; };
		2938C289A37BA52850CEB457 /* GameLog.swift */ = {isa = PBXFileReference; lastKnownFileType = sourcecode.swift; path = GameLog.swift; sourceTree = "<group>"; };
		43B4EACCDF9F5EAFBF410EC8 /* TranslationPanelController.swift */ = {isa = PBXFileReference; lastKnownFileType = sourcecode.swift; path = TranslationPanelController.swift; sourceTree = "<group>"; };
		4566DD3B2A3D54743F131823 /* DeepLProvider.swift */ = {isa = PBXFileReference; lastKnownFileType = sourcecode.swift; path = DeepLProvider.swift; sourceTree = "<group>"; };
		457AF51A8B163F45CD064872 /* CaptureRegion.swift */ = {isa = PBXFileReference; lastKnownFileType = sourcecode.swift; path = CaptureRegion.swift; sourceTree = "<group>"; };
		5080A4F87D4B477515598418 /* TranslationService.swift */ = {isa = PBXFileReference; lastKnownFileType = sourcecode.swift; path = TranslationService.swift; sourceTree = "<group>"; };
		647DD32CE9A76B2BCCCD997A /* PipelineCoordinator.swift */ = {isa = PBXFileReference; lastKnownFileType = sourcecode.swift; path = PipelineCoordinator.swift; sourceTree = "<group>"; };
		67790D3D6A4A331FB4BEB900 /* TranslatedRegion.swift */ = {isa = PBXFileReference; lastKnownFileType = sourcecode.swift; path = TranslatedRegion.swift; sourceTree = "<group>"; };
		6B04165C622CF0A9B3D11C0A /* TranslationProvider.swift */ = {isa = PBXFileReference; lastKnownFileType = sourcecode.swift; path = TranslationProvider.swift; sourceTree = "<group>"; };
		6B77BEF9458B4FD3A3533D31 /* OverlayWindowController.swift */ = {isa = PBXFileReference; lastKnownFileType = sourcecode.swift; path = OverlayWindowController.swift; sourceTree = "<group>"; };
		71D20A76746F66D65415FB4E /* OverlayContentView.swift */ = {isa = PBXFileReference; lastKnownFileType = sourcecode.swift; path = OverlayContentView.swift; sourceTree = "<group>"; };
		741910E224F9B3E24134E266 /* StatusBarController.swift */ = {isa = PBXFileReference; lastKnownFileType = sourcecode.swift; path = StatusBarController.swift; sourceTree = "<group>"; };
		7943CEEDD12C134F5A2D3656 /* AppDelegate.swift */ = {isa = PBXFileReference; lastKnownFileType = sourcecode.swift; path = AppDelegate.swift; sourceTree = "<group>"; };
		7B130C1947865746D9B2CD8E /* ScreenCaptureService.swift */ = {isa = PBXFileReference; lastKnownFileType = sourcecode.swift; path = ScreenCaptureService.swift; sourceTree = "<group>"; };
		8F8C5D5E60CC9A16BBD56C4E /* ClaudeProvider.swift */ = {isa = PBXFileReference; lastKnownFileType = sourcecode.swift; path = ClaudeProvider.swift; sourceTree = "<group>"; };
		9629458BEAA03BE2D03BA8A9 /* GoogleCloudProvider.swift */ = {isa = PBXFileReference; lastKnownFileType = sourcecode.swift; path = GoogleCloudProvider.swift; sourceTree = "<group>"; };
		967A061E0A8C9013566D2B29 /* AppSettings.swift */ = {isa = PBXFileReference; lastKnownFileType = sourcecode.swift; path = AppSettings.swift; sourceTree = "<group>"; };
		B2E67D61E4207B25101F53DE /* TranslationCache.swift */ = {isa = PBXFileReference; lastKnownFileType = sourcecode.swift; path = TranslationCache.swift; sourceTree = "<group>"; };
		B606A387586BA962FE3C140A /* main.swift */ = {isa = PBXFileReference; lastKnownFileType = sourcecode.swift; path = main.swift; sourceTree = "<group>"; };
		C78F46D7EBFCDD0FFD3A6258 /* TextTracker.swift */ = {isa = PBXFileReference; lastKnownFileType = sourcecode.swift; path = TextTracker.swift; sourceTree = "<group>"; };
		C928F2609652BAB40A5418A0 /* GameTranslator.app */ = {isa = PBXFileReference; explicitFileType = wrapper.application; includeInIndex = 0; path = GameTranslator.app; sourceTree = BUILT_PRODUCTS_DIR; };
		D00A9E636983FA77449473E4 /* SettingsWindow.swift */ = {isa = PBXFileReference; lastKnownFileType = sourcecode.swift; path = SettingsWindow.swift; sourceTree = "<group>"; };
		D6E72C86E2F97FC7B73E967F /* OCRService.swift */ = {isa = PBXFileReference; lastKnownFileType = sourcecode.swift; path = OCRService.swift; sourceTree = "<group>"; };
		D8109F19BCE9BCA409769F79 /* DetectedText.swift */ = {isa = PBXFileReference; lastKnownFileType = sourcecode.swift; path = DetectedText.swift; sourceTree = "<group>"; };
		EDBDF40DCFC23127137A2F21 /* WindowPickerView.swift */ = {isa = PBXFileReference; lastKnownFileType = sourcecode.swift; path = WindowPickerView.swift; sourceTree = "<group>"; };
		F29201673B9B9BF9A515D5AA /* Assets.xcassets */ = {isa = PBXFileReference; lastKnownFileType = folder.assetcatalog; path = Assets.xcassets; sourceTree = "<group>"; };
/* End PBXFileReference section */

/* Begin PBXGroup section */
		2558A232CC390273790C8CED /* App */ = {
			isa = PBXGroup;
			children = (
				7943CEEDD12C134F5A2D3656 /* AppDelegate.swift */,
				741910E224F9B3E24134E266 /* StatusBarController.swift */,
			);
			path = App;
			sourceTree = "<group>";
		};
		43281884AC4C95F07E33FFF1 /* Views */ = {
			isa = PBXGroup;
			children = (
				D00A9E636983FA77449473E4 /* SettingsWindow.swift */,
				EDBDF40DCFC23127137A2F21 /* WindowPickerView.swift */,
			);
			path = Views;
			sourceTree = "<group>";
		};
		56BED46BC86D07AC552A0565 /* Products */ = {
			isa = PBXGroup;
			children = (
				C928F2609652BAB40A5418A0 /* GameTranslator.app */,
			);
			name = Products;
			sourceTree = "<group>";
		};
		8648348F2DEFD3DAEEDDEF4F /* Providers */ = {
			isa = PBXGroup;
			children = (
				8F8C5D5E60CC9A16BBD56C4E /* ClaudeProvider.swift */,
				4566DD3B2A3D54743F131823 /* DeepLProvider.swift */,
				9629458BEAA03BE2D03BA8A9 /* GoogleCloudProvider.swift */,
				0A476381F0FA5D4306A53BB1 /* GoogleFreeProvider.swift */,
				210DB29FFE88EBF9117F1B9C /* OpenAIProvider.swift */,
				6B04165C622CF0A9B3D11C0A /* TranslationProvider.swift */,
			);
			path = Providers;
			sourceTree = "<group>";
		};
		88AC95927D75F32384F649E1 /* Sources */ = {
			isa = PBXGroup;
			children = (
				B606A387586BA962FE3C140A /* main.swift */,
				2558A232CC390273790C8CED /* App */,
				C52F40CBDF1407DDFC70C99E /* Models */,
				D81AAD14D2BF7FE4590FF269 /* Overlay */,
				8648348F2DEFD3DAEEDDEF4F /* Providers */,
				A8BF790848717E51DEADDC2F /* Services */,
				43281884AC4C95F07E33FFF1 /* Views */,
			);
			path = Sources;
			sourceTree = "<group>";
		};
		A8BF790848717E51DEADDC2F /* Services */ = {
			isa = PBXGroup;
			children = (
				2938C289A37BA52850CEB457 /* GameLog.swift */,
				D6E72C86E2F97FC7B73E967F /* OCRService.swift */,
				647DD32CE9A76B2BCCCD997A /* PipelineCoordinator.swift */,
				7B130C1947865746D9B2CD8E /* ScreenCaptureService.swift */,
				C78F46D7EBFCDD0FFD3A6258 /* TextTracker.swift */,
				B2E67D61E4207B25101F53DE /* TranslationCache.swift */,
				5080A4F87D4B477515598418 /* TranslationService.swift */,
			);
			path = Services;
			sourceTree = "<group>";
		};
		C52F40CBDF1407DDFC70C99E /* Models */ = {
			isa = PBXGroup;
			children = (
				967A061E0A8C9013566D2B29 /* AppSettings.swift */,
				457AF51A8B163F45CD064872 /* CaptureRegion.swift */,
				D8109F19BCE9BCA409769F79 /* DetectedText.swift */,
				67790D3D6A4A331FB4BEB900 /* TranslatedRegion.swift */,
			);
			path = Models;
			sourceTree = "<group>";
		};
		D81AAD14D2BF7FE4590FF269 /* Overlay */ = {
			isa = PBXGroup;
			children = (
				71D20A76746F66D65415FB4E /* OverlayContentView.swift */,
				6B77BEF9458B4FD3A3533D31 /* OverlayWindowController.swift */,
				1A8660B94A62AE886FCFB4A2 /* RegionSelectorWindow.swift */,
				43B4EACCDF9F5EAFBF410EC8 /* TranslationPanelController.swift */,
			);
			path = Overlay;
			sourceTree = "<group>";
		};
		F1E97678B288F30C04E66C50 = {
			isa = PBXGroup;
			children = (
				F29201673B9B9BF9A515D5AA /* Assets.xcassets */,
				88AC95927D75F32384F649E1 /* Sources */,
				56BED46BC86D07AC552A0565 /* Products */,
			);
			sourceTree = "<group>";
		};
/* End PBXGroup section */

/* Begin PBXNativeTarget section */
		422441ADE8631838BFC21352 /* GameTranslator */ = {
			isa = PBXNativeTarget;
			buildConfigurationList = DF3E5B8BD1047A44092AE629 /* Build configuration list for PBXNativeTarget "GameTranslator" */;
			buildPhases = (
				77A110F0F749B84409A024E3 /* Sources */,
				C7826F45BA87F17A0089445C /* Resources */,
			);
			buildRules = (
			);
			dependencies = (
			);
			name = GameTranslator;
			packageProductDependencies = (
			);
			productName = GameTranslator;
			productReference = C928F2609652BAB40A5418A0 /* GameTranslator.app */;
			productType = "com.apple.product-type.application";
		};
/* End PBXNativeTarget section */

/* Begin PBXProject section */
		F12EA2A4C0CA524651EB91B5 /* Project object */ = {
			isa = PBXProject;
			attributes = {
				BuildIndependentTargetsInParallel = YES;
				LastUpgradeCheck = 1600;
				TargetAttributes = {
					422441ADE8631838BFC21352 = {
						ProvisioningStyle = Manual;
					};
				};
			};
			buildConfigurationList = 5FD5FBA8FB08AF82DDBC8EB5 /* Build configuration list for PBXProject "GameTranslator" */;
			developmentRegion = en;
			hasScannedForEncodings = 0;
			knownRegions = (
				Base,
				en,
			);
			mainGroup = F1E97678B288F30C04E66C50;
			minimizedProjectReferenceProxies = 1;
			preferredProjectObjectVersion = 77;
			productRefGroup = 56BED46BC86D07AC552A0565 /* Products */;
			projectDirPath = "";
			projectRoot = "";
			targets = (
				422441ADE8631838BFC21352 /* GameTranslator */,
			);
		};
/* End PBXProject section */

/* Begin PBXResourcesBuildPhase section */
		C7826F45BA87F17A0089445C /* Resources */ = {
			isa = PBXResourcesBuildPhase;
			buildActionMask = 2147483647;
			files = (
				03BA0EE633358BC6CE7B8DD1 /* Assets.xcassets in Resources */,
			);
			runOnlyForDeploymentPostprocessing = 0;
		};
/* End PBXResourcesBuildPhase section */

/* Begin PBXSourcesBuildPhase section */
		77A110F0F749B84409A024E3 /* Sources */ = {
			isa = PBXSourcesBuildPhase;
			buildActionMask = 2147483647;
			files = (
				49122D871C447B0E7145E137 /* AppDelegate.swift in Sources */,
				73D02D1EBE63D0873B427FB5 /* AppSettings.swift in Sources */,
				D968AAF926F8C75D3D047D34 /* CaptureRegion.swift in Sources */,
				CA0918C16E22FBF7C1A62E72 /* ClaudeProvider.swift in Sources */,
				221ACCE110939A386E16B077 /* DeepLProvider.swift in Sources */,
				16D82FFEAC6CBE86006C77A1 /* DetectedText.swift in Sources */,
				78B28856BC2A3A34BFF19A93 /* GameLog.swift in Sources */,
				954C7DBFFE8BCB0F60AC03F9 /* GoogleCloudProvider.swift in Sources */,
				01E141046E0126307099E4E9 /* GoogleFreeProvider.swift in Sources */,
				8A5748E0965C53D459CBCAD0 /* OCRService.swift in Sources */,
				83DD405BD71D47FBB809B330 /* OpenAIProvider.swift in Sources */,
				3CB6B37CBDF82EBB52BE5735 /* OverlayContentView.swift in Sources */,
				D9B6ED6090950BB7D06C7EC4 /* OverlayWindowController.swift in Sources */,
				0D4253352B13294F0B1809A3 /* PipelineCoordinator.swift in Sources */,
				E0C9261F8E44A5C0BC887613 /* RegionSelectorWindow.swift in Sources */,
				FB27EDF11E91CEA589BB0BE9 /* ScreenCaptureService.swift in Sources */,
				E2F3C2EF757678D398479DBA /* SettingsWindow.swift in Sources */,
				9923156DC9FBCD3155B39475 /* StatusBarController.swift in Sources */,
				764150EC71FBEFED8B96AF9C /* TextTracker.swift in Sources */,
				C355E29BE18AB57947BA19F5 /* TranslatedRegion.swift in Sources */,
				17A9018594F01EB87E49DA42 /* TranslationCache.swift in Sources */,
				FEBAEB8198CAAC4220CF2D2F /* TranslationPanelController.swift in Sources */,
				8192918CBE3BA8DF475B5C20 /* TranslationProvider.swift in Sources */,
				00B7ACCD381C2F47FFBF4C43 /* TranslationService.swift in Sources */,
				5CA2F6666D64DF01C8235B4A /* WindowPickerView.swift in Sources */,
				F3A3FF415FE571A40FCC9FB5 /* main.swift in Sources */,
			);
			runOnlyForDeploymentPostprocessing = 0;
		};
/* End PBXSourcesBuildPhase section */

/* Begin XCBuildConfiguration section */
		635A456B1C3050812E4E26C1 /* Debug */ = {
			isa = XCBuildConfiguration;
			buildSettings = {
				ALWAYS_SEARCH_USER_PATHS = NO;
				CLANG_ANALYZER_NONNULL = YES;
				CLANG_ANALYZER_NUMBER_OBJECT_CONVERSION = YES_AGGRESSIVE;
				CLANG_CXX_LANGUAGE_STANDARD = "gnu++14";
				CLANG_CXX_LIBRARY = "libc++";
				CLANG_ENABLE_MODULES = YES;
				CLANG_ENABLE_OBJC_ARC = YES;
				CLANG_ENABLE_OBJC_WEAK = YES;
				CLANG_WARN_BLOCK_CAPTURE_AUTORELEASING = YES;
				CLANG_WARN_BOOL_CONVERSION = YES;
				CLANG_WARN_COMMA = YES;
				CLANG_WARN_CONSTANT_CONVERSION = YES;
				CLANG_WARN_DEPRECATED_OBJC_IMPLEMENTATIONS = YES;
				CLANG_WARN_DIRECT_OBJC_ISA_USAGE = YES_ERROR;
				CLANG_WARN_DOCUMENTATION_COMMENTS = YES;
				CLANG_WARN_EMPTY_BODY = YES;
				CLANG_WARN_ENUM_CONVERSION = YES;
				CLANG_WARN_INFINITE_RECURSION = YES;
				CLANG_WARN_INT_CONVERSION = YES;
				CLANG_WARN_NON_LITERAL_NULL_CONVERSION = YES;
				CLANG_WARN_OBJC_IMPLICIT_RETAIN_SELF = YES;
				CLANG_WARN_OBJC_LITERAL_CONVERSION = YES;
				CLANG_WARN_OBJC_ROOT_CLASS = YES_ERROR;
				CLANG_WARN_QUOTED_INCLUDE_IN_FRAMEWORK_HEADER = YES;
				CLANG_WARN_RANGE_LOOP_ANALYSIS = YES;
				CLANG_WARN_STRICT_PROTOTYPES = YES;
				CLANG_WARN_SUSPICIOUS_MOVE = YES;
				CLANG_WARN_UNGUARDED_AVAILABILITY = YES_AGGRESSIVE;
				CLANG_WARN_UNREACHABLE_CODE = YES;
				CLANG_WARN__DUPLICATE_METHOD_MATCH = YES;
				COPY_PHASE_STRIP = NO;
				DEBUG_INFORMATION_FORMAT = dwarf;
				ENABLE_STRICT_OBJC_MSGSEND = YES;
				ENABLE_TESTABILITY = YES;
				GCC_C_LANGUAGE_STANDARD = gnu11;
				GCC_DYNAMIC_NO_PIC = NO;
				GCC_NO_COMMON_BLOCKS = YES;
				GCC_OPTIMIZATION_LEVEL = 0;
				GCC_PREPROCESSOR_DEFINITIONS = (
					"$(inherited)",
					"DEBUG=1",
				);
				GCC_WARN_64_TO_32_BIT_CONVERSION = YES;
				GCC_WARN_ABOUT_RETURN_TYPE = YES_ERROR;
				GCC_WARN_UNDECLARED_SELECTOR = YES;
				GCC_WARN_UNINITIALIZED_AUTOS = YES_AGGRESSIVE;
				GCC_WARN_UNUSED_FUNCTION = YES;
				GCC_WARN_UNUSED_VARIABLE = YES;
				MACOSX_DEPLOYMENT_TARGET = 14.0;
				MTL_ENABLE_DEBUG_INFO = INCLUDE_SOURCE;
				MTL_FAST_MATH = YES;
				ONLY_ACTIVE_ARCH = YES;
				PRODUCT_NAME = "$(TARGET_NAME)";
				SDKROOT = macosx;
				SWIFT_ACTIVE_COMPILATION_CONDITIONS = DEBUG;
				SWIFT_OPTIMIZATION_LEVEL = "-Onone";
				SWIFT_VERSION = 5.10;
			};
			name = Debug;
		};
		6F6881F4D222DED2BE69DA4B /* Release */ = {
			isa = XCBuildConfiguration;
			buildSettings = {
				ALWAYS_SEARCH_USER_PATHS = NO;
				CLANG_ANALYZER_NONNULL = YES;
				CLANG_ANALYZER_NUMBER_OBJECT_CONVERSION = YES_AGGRESSIVE;
				CLANG_CXX_LANGUAGE_STANDARD = "gnu++14";
				CLANG_CXX_LIBRARY = "libc++";
				CLANG_ENABLE_MODULES = YES;
				CLANG_ENABLE_OBJC_ARC = YES;
				CLANG_ENABLE_OBJC_WEAK = YES;
				CLANG_WARN_BLOCK_CAPTURE_AUTORELEASING = YES;
				CLANG_WARN_BOOL_CONVERSION = YES;
				CLANG_WARN_COMMA = YES;
				CLANG_WARN_CONSTANT_CONVERSION = YES;
				CLANG_WARN_DEPRECATED_OBJC_IMPLEMENTATIONS = YES;
				CLANG_WARN_DIRECT_OBJC_ISA_USAGE = YES_ERROR;
				CLANG_WARN_DOCUMENTATION_COMMENTS = YES;
				CLANG_WARN_EMPTY_BODY = YES;
				CLANG_WARN_ENUM_CONVERSION = YES;
				CLANG_WARN_INFINITE_RECURSION = YES;
				CLANG_WARN_INT_CONVERSION = YES;
				CLANG_WARN_NON_LITERAL_NULL_CONVERSION = YES;
				CLANG_WARN_OBJC_IMPLICIT_RETAIN_SELF = YES;
				CLANG_WARN_OBJC_LITERAL_CONVERSION = YES;
				CLANG_WARN_OBJC_ROOT_CLASS = YES_ERROR;
				CLANG_WARN_QUOTED_INCLUDE_IN_FRAMEWORK_HEADER = YES;
				CLANG_WARN_RANGE_LOOP_ANALYSIS = YES;
				CLANG_WARN_STRICT_PROTOTYPES = YES;
				CLANG_WARN_SUSPICIOUS_MOVE = YES;
				CLANG_WARN_UNGUARDED_AVAILABILITY = YES_AGGRESSIVE;
				CLANG_WARN_UNREACHABLE_CODE = YES;
				CLANG_WARN__DUPLICATE_METHOD_MATCH = YES;
				COPY_PHASE_STRIP = NO;
				DEBUG_INFORMATION_FORMAT = "dwarf-with-dsym";
				ENABLE_NS_ASSERTIONS = NO;
				ENABLE_STRICT_OBJC_MSGSEND = YES;
				GCC_C_LANGUAGE_STANDARD = gnu11;
				GCC_NO_COMMON_BLOCKS = YES;
				GCC_WARN_64_TO_32_BIT_CONVERSION = YES;
				GCC_WARN_ABOUT_RETURN_TYPE = YES_ERROR;
				GCC_WARN_UNDECLARED_SELECTOR = YES;
				GCC_WARN_UNINITIALIZED_AUTOS = YES_AGGRESSIVE;
				GCC_WARN_UNUSED_FUNCTION = YES;
				GCC_WARN_UNUSED_VARIABLE = YES;
				MACOSX_DEPLOYMENT_TARGET = 14.0;
				MTL_ENABLE_DEBUG_INFO = NO;
				MTL_FAST_MATH = YES;
				PRODUCT_NAME = "$(TARGET_NAME)";
				SDKROOT = macosx;
				SWIFT_COMPILATION_MODE = wholemodule;
				SWIFT_OPTIMIZATION_LEVEL = "-O";
				SWIFT_VERSION = 5.10;
			};
			name = Release;
		};
		A48CCADBEE3331D9EAFB99E1 /* Debug */ = {
			isa = XCBuildConfiguration;
			buildSettings = {
				ASSETCATALOG_COMPILER_APPICON_NAME = AppIcon;
				CODE_SIGN_ENTITLEMENTS = Resources/GameTranslator.entitlements;
				CODE_SIGN_IDENTITY = "-";
				CODE_SIGN_STYLE = Manual;
				COMBINE_HIDPI_IMAGES = YES;
				ENABLE_DEBUG_DYLIB = NO;
				INFOPLIST_FILE = Resources/Info.plist;
				LD_RUNPATH_SEARCH_PATHS = (
					"$(inherited)",
					"@executable_path/../Frameworks",
				);
				PRODUCT_BUNDLE_IDENTIFIER = com.worawalan.GameTranslator;
				PRODUCT_NAME = GameTranslator;
				SDKROOT = macosx;
			};
			name = Debug;
		};
		B8F246BFF75E9D2911464EB1 /* Release */ = {
			isa = XCBuildConfiguration;
			buildSettings = {
				ASSETCATALOG_COMPILER_APPICON_NAME = AppIcon;
				CODE_SIGN_ENTITLEMENTS = Resources/GameTranslator.entitlements;
				CODE_SIGN_IDENTITY = "-";
				CODE_SIGN_STYLE = Manual;
				COMBINE_HIDPI_IMAGES = YES;
				ENABLE_DEBUG_DYLIB = NO;
				INFOPLIST_FILE = Resources/Info.plist;
				LD_RUNPATH_SEARCH_PATHS = (
					"$(inherited)",
					"@executable_path/../Frameworks",
				);
				PRODUCT_BUNDLE_IDENTIFIER = com.worawalan.GameTranslator;
				PRODUCT_NAME = GameTranslator;
				SDKROOT = macosx;
			};
			name = Release;
		};
/* End XCBuildConfiguration section */

/* Begin XCConfigurationList section */
		5FD5FBA8FB08AF82DDBC8EB5 /* Build configuration list for PBXProject "GameTranslator" */ = {
			isa = XCConfigurationList;
			buildConfigurations = (
				635A456B1C3050812E4E26C1 /* Debug */,
				6F6881F4D222DED2BE69DA4B /* Release */,
			);
			defaultConfigurationIsVisible = 0;
			defaultConfigurationName = Debug;
		};
		DF3E5B8BD1047A44092AE629 /* Build configuration list for PBXNativeTarget "GameTranslator" */ = {
			isa = XCConfigurationList;
			buildConfigurations = (
				A48CCADBEE3331D9EAFB99E1 /* Debug */,
				B8F246BFF75E9D2911464EB1 /* Release */,
			);
			defaultConfigurationIsVisible = 0;
			defaultConfigurationName = Debug;
		};
/* End XCConfigurationList section */
	};
	rootObject = F12EA2A4C0CA524651EB91B5 /* Project object */;
}
